--- !ruby/object:RI::ClassDescription 
attributes: []

class_methods: []

comment: 
constants: 
- !ruby/object:RI::Constant 
  comment: 
  name: METHOD
  value: "'LOCK'"
- !ruby/object:RI::Constant 
  comment: 
  name: REQUEST_HAS_BODY
  value: "true"
- !ruby/object:RI::Constant 
  comment: 
  name: RESPONSE_HAS_BODY
  value: "true"
full_name: Net::HTTP::Lock
includes: []

instance_methods: []

name: Lock
superclass: HTTPRequest
